
Microsoft Visual Studio Solution File, Format Version 12.00
# Visual Studio Version 17
VisualStudioVersion = 17.5.33424.131
MinimumVisualStudioVersion = 10.0.40219.1
Project("{FAE04EC0-301F-11D3-BF4B-00C04F79EFBC}") = "lab9a", "lab9a\lab9a.csproj", "{D9EC68E1-64AB-49C8-9C2D-BD2206A22AA8}"
EndProject
Global
	GlobalSection(SolutionConfigurationPlatforms) = preSolution
		Debug|Any CPU = Debug|Any CPU
		Release|Any CPU = Release|Any CPU
	EndGlobalSection
	GlobalSection(ProjectConfigurationPlatforms) = postSolution
		{D9EC68E1-64AB-49C8-9C2D-BD2206A22AA8}.Debug|Any CPU.ActiveCfg = Debug|Any CPU
		{D9EC68E1-64AB-49C8-9C2D-BD2206A22AA8}.Debug|Any CPU.Build.0 = Debug|Any CPU
		{D9EC68E1-64AB-49C8-9C2D-BD2206A22AA8}.Release|Any CPU.ActiveCfg = Release|Any CPU
		{D9EC68E1-64AB-49C8-9C2D-BD2206A22AA8}.Release|Any CPU.Build.0 = Release|Any CPU
	EndGlobalSection
	GlobalSection(SolutionProperties) = preSolution
		HideSolutionNode = FALSE
	EndGlobalSection
	GlobalSection(ExtensibilityGlobals) = postSolution
		SolutionGuid = {0CE6B93A-1056-4DAD-96D7-1F4365523923}
	EndGlobalSection
EndGlobal
